// !$*UTF8*$!
{
	archiveVersion = 1;
	classes = {
	};
	objectVersion = 56;
	objects = {

/* Begin PBXBuildFile section */
		251C6C0F2A3404690042CF77 /* Exercise.swift in Sources */ = {isa = PBXBuildFile; fileRef = 251C6C0E2A3404690042CF77 /* Exercise.swift */; };
		251C6C162A340A4D0042CF77 /* Persistence.swift in Sources */ = {isa = PBXBuildFile; fileRef = 251C6C132A340A4D0042CF77 /* Persistence.swift */; };
		251C6C202A340F9C0042CF77 /* SessionDetailRouter.swift in Sources */ = {isa = PBXBuildFile; fileRef = 251C6C1A2A340F9C0042CF77 /* SessionDetailRouter.swift */; };
		251C6C222A340F9C0042CF77 /* SessionDetailPresenter.swift in Sources */ = {isa = PBXBuildFile; fileRef = 251C6C1C2A340F9C0042CF77 /* SessionDetailPresenter.swift */; };
		251C6C232A340F9C0042CF77 /* SessionDetailInteractor.swift in Sources */ = {isa = PBXBuildFile; fileRef = 251C6C1D2A340F9C0042CF77 /* SessionDetailInteractor.swift */; };
		251C6C242A340F9C0042CF77 /* SessionDetailView.swift in Sources */ = {isa = PBXBuildFile; fileRef = 251C6C1E2A340F9C0042CF77 /* SessionDetailView.swift */; };
		256D87CE2A3510BB0031FBBD /* default.json in Resources */ = {isa = PBXBuildFile; fileRef = 256D87CD2A3510BB0031FBBD /* default.json */; };
		256D87D42A3512B30031FBBD /* SplitImage.swift in Sources */ = {isa = PBXBuildFile; fileRef = 256D87D12A3512B30031FBBD /* SplitImage.swift */; };
		256D87D52A3512B30031FBBD /* SessionListCell.swift in Sources */ = {isa = PBXBuildFile; fileRef = 256D87D22A3512B30031FBBD /* SessionListCell.swift */; };
		256D87DB2A351D7F0031FBBD /* ContentView.swift in Sources */ = {isa = PBXBuildFile; fileRef = 256D87DA2A351D7F0031FBBD /* ContentView.swift */; };
		257D1C062A2EA3BE00208342 /* Assets.xcassets in Resources */ = {isa = PBXBuildFile; fileRef = 257D1C052A2EA3BE00208342 /* Assets.xcassets */; };
		257D1C0A2A2EA3BE00208342 /* Preview Assets.xcassets in Resources */ = {isa = PBXBuildFile; fileRef = 257D1C092A2EA3BE00208342 /* Preview Assets.xcassets */; };
		257D1C142A2EA3BE00208342 /* AcademiAppTests.swift in Sources */ = {isa = PBXBuildFile; fileRef = 257D1C132A2EA3BE00208342 /* AcademiAppTests.swift */; };
		257D1C1E2A2EA3BE00208342 /* AcademiAppUITests.swift in Sources */ = {isa = PBXBuildFile; fileRef = 257D1C1D2A2EA3BE00208342 /* AcademiAppUITests.swift */; };
		257D1C202A2EA3BE00208342 /* AcademiAppUITestsLaunchTests.swift in Sources */ = {isa = PBXBuildFile; fileRef = 257D1C1F2A2EA3BE00208342 /* AcademiAppUITestsLaunchTests.swift */; };
		2582D9712A2EC21F00FA87B8 /* SessionListView.swift in Sources */ = {isa = PBXBuildFile; fileRef = 2582D96D2A2EC21F00FA87B8 /* SessionListView.swift */; };
		2582D9722A2EC21F00FA87B8 /* SessionListPresenter.swift in Sources */ = {isa = PBXBuildFile; fileRef = 2582D96E2A2EC21F00FA87B8 /* SessionListPresenter.swift */; };
		2582D9732A2EC21F00FA87B8 /* SessionListRouter.swift in Sources */ = {isa = PBXBuildFile; fileRef = 2582D96F2A2EC21F00FA87B8 /* SessionListRouter.swift */; };
		2582D9742A2EC21F00FA87B8 /* SessionListInteractor.swift in Sources */ = {isa = PBXBuildFile; fileRef = 2582D9702A2EC21F00FA87B8 /* SessionListInteractor.swift */; };
		2582D97C2A2EC2CF00FA87B8 /* Session.swift in Sources */ = {isa = PBXBuildFile; fileRef = 2582D9792A2EC2CF00FA87B8 /* Session.swift */; };
		2582D97D2A2EC2CF00FA87B8 /* DataModel.swift in Sources */ = {isa = PBXBuildFile; fileRef = 2582D97A2A2EC2CF00FA87B8 /* DataModel.swift */; };
		25BF59192A3A9AF80036E836 /* AcademiApp.swift in Sources */ = {isa = PBXBuildFile; fileRef = 25BF59182A3A9AF80036E836 /* AcademiApp.swift */; };
		2726381EAEAD5CF52E80EF5D /* Pods_AcademiAppTests.framework in Frameworks */ = {isa = PBXBuildFile; fileRef = 1703FBE4801A01A5DF47DBC6 /* Pods_AcademiAppTests.framework */; };
		7EDEB3AB33F1FA88C4903C94 /* Pods_AcademiApp.framework in Frameworks */ = {isa = PBXBuildFile; fileRef = 44B9ACB6C44C2F55E9E31F3C /* Pods_AcademiApp.framework */; };
		9F4A0493B6459373279EAC72 /* Pods_AcademiApp_AcademiAppUITests.framework in Frameworks */ = {isa = PBXBuildFile; fileRef = 6C538830AA988268DC8F81AB /* Pods_AcademiApp_AcademiAppUITests.framework */; };
/* End PBXBuildFile section */

/* Begin PBXContainerItemProxy section */
		257D1C102A2EA3BE00208342 /* PBXContainerItemProxy */ = {
			isa = PBXContainerItemProxy;
			containerPortal = 257D1BF62A2EA3BD00208342 /* Project object */;
			proxyType = 1;
			remoteGlobalIDString = 257D1BFD2A2EA3BD00208342;
			remoteInfo = AcademiApp;
		};
		257D1C1A2A2EA3BE00208342 /* PBXContainerItemProxy */ = {
			isa = PBXContainerItemProxy;
			containerPortal = 257D1BF62A2EA3BD00208342 /* Project object */;
			proxyType = 1;
			remoteGlobalIDString = 257D1BFD2A2EA3BD00208342;
			remoteInfo = AcademiApp;
		};
/* End PBXContainerItemProxy section */

/* Begin PBXFileReference section */
		133E94756A7A236EC9C639CA /* Pods-AcademiApp-AcademiAppUITests.release.xcconfig */ = {isa = PBXFileReference; includeInIndex = 1; lastKnownFileType = text.xcconfig; name = "Pods-AcademiApp-AcademiAppUITests.release.xcconfig"; path = "Target Support Files/Pods-AcademiApp-AcademiAppUITests/Pods-AcademiApp-AcademiAppUITests.release.xcconfig"; sourceTree = "<group>"; };
		1703FBE4801A01A5DF47DBC6 /* Pods_AcademiAppTests.framework */ = {isa = PBXFileReference; explicitFileType = wrapper.framework; includeInIndex = 0; path = Pods_AcademiAppTests.framework; sourceTree = BUILT_PRODUCTS_DIR; };
		251C6C0E2A3404690042CF77 /* Exercise.swift */ = {isa = PBXFileReference; fileEncoding = 4; lastKnownFileType = sourcecode.swift; path = Exercise.swift; sourceTree = "<group>"; };
		251C6C132A340A4D0042CF77 /* Persistence.swift */ = {isa = PBXFileReference; fileEncoding = 4; lastKnownFileType = sourcecode.swift; path = Persistence.swift; sourceTree = "<group>"; };
		251C6C1A2A340F9C0042CF77 /* SessionDetailRouter.swift */ = {isa = PBXFileReference; fileEncoding = 4; lastKnownFileType = sourcecode.swift; path = SessionDetailRouter.swift; sourceTree = "<group>"; };
		251C6C1C2A340F9C0042CF77 /* SessionDetailPresenter.swift */ = {isa = PBXFileReference; fileEncoding = 4; lastKnownFileType = sourcecode.swift; path = SessionDetailPresenter.swift; sourceTree = "<group>"; };
		251C6C1D2A340F9C0042CF77 /* SessionDetailInteractor.swift */ = {isa = PBXFileReference; fileEncoding = 4; lastKnownFileType = sourcecode.swift; path = SessionDetailInteractor.swift; sourceTree = "<group>"; };
		251C6C1E2A340F9C0042CF77 /* SessionDetailView.swift */ = {isa = PBXFileReference; fileEncoding = 4; lastKnownFileType = sourcecode.swift; path = SessionDetailView.swift; sourceTree = "<group>"; };
		256D87CD2A3510BB0031FBBD /* default.json */ = {isa = PBXFileReference; fileEncoding = 4; lastKnownFileType = text.json; path = default.json; sourceTree = "<group>"; };
		256D87D12A3512B30031FBBD /* SplitImage.swift */ = {isa = PBXFileReference; fileEncoding = 4; lastKnownFileType = sourcecode.swift; path = SplitImage.swift; sourceTree = "<group>"; };
		256D87D22A3512B30031FBBD /* SessionListCell.swift */ = {isa = PBXFileReference; fileEncoding = 4; lastKnownFileType = sourcecode.swift; path = SessionListCell.swift; sourceTree = "<group>"; };
		256D87DA2A351D7F0031FBBD /* ContentView.swift */ = {isa = PBXFileReference; lastKnownFileType = sourcecode.swift; path = ContentView.swift; sourceTree = "<group>"; };
		257D1BFE2A2EA3BD00208342 /* AcademiApp.app */ = {isa = PBXFileReference; explicitFileType = wrapper.application; includeInIndex = 0; path = AcademiApp.app; sourceTree = BUILT_PRODUCTS_DIR; };
		257D1C052A2EA3BE00208342 /* Assets.xcassets */ = {isa = PBXFileReference; lastKnownFileType = folder.assetcatalog; path = Assets.xcassets; sourceTree = "<group>"; };
		257D1C072A2EA3BE00208342 /* AcademiApp.entitlements */ = {isa = PBXFileReference; lastKnownFileType = text.plist.entitlements; path = AcademiApp.entitlements; sourceTree = "<group>"; };
		257D1C092A2EA3BE00208342 /* Preview Assets.xcassets */ = {isa = PBXFileReference; lastKnownFileType = folder.assetcatalog; path = "Preview Assets.xcassets"; sourceTree = "<group>"; };
		257D1C0F2A2EA3BE00208342 /* AcademiAppTests.xctest */ = {isa = PBXFileReference; explicitFileType = wrapper.cfbundle; includeInIndex = 0; path = AcademiAppTests.xctest; sourceTree = BUILT_PRODUCTS_DIR; };
		257D1C132A2EA3BE00208342 /* AcademiAppTests.swift */ = {isa = PBXFileReference; lastKnownFileType = sourcecode.swift; path = AcademiAppTests.swift; sourceTree = "<group>"; };
		257D1C192A2EA3BE00208342 /* AcademiAppUITests.xctest */ = {isa = PBXFileReference; explicitFileType = wrapper.cfbundle; includeInIndex = 0; path = AcademiAppUITests.xctest; sourceTree = BUILT_PRODUCTS_DIR; };
		257D1C1D2A2EA3BE00208342 /* AcademiAppUITests.swift */ = {isa = PBXFileReference; lastKnownFileType = sourcecode.swift; path = AcademiAppUITests.swift; sourceTree = "<group>"; };
		257D1C1F2A2EA3BE00208342 /* AcademiAppUITestsLaunchTests.swift */ = {isa = PBXFileReference; lastKnownFileType = sourcecode.swift; path = AcademiAppUITestsLaunchTests.swift; sourceTree = "<group>"; };
		2582D96D2A2EC21F00FA87B8 /* SessionListView.swift */ = {isa = PBXFileReference; fileEncoding = 4; lastKnownFileType = sourcecode.swift; path = SessionListView.swift; sourceTree = "<group>"; };
		2582D96E2A2EC21F00FA87B8 /* SessionListPresenter.swift */ = {isa = PBXFileReference; fileEncoding = 4; lastKnownFileType = sourcecode.swift; path = SessionListPresenter.swift; sourceTree = "<group>"; };
		2582D96F2A2EC21F00FA87B8 /* SessionListRouter.swift */ = {isa = PBXFileReference; fileEncoding = 4; lastKnownFileType = sourcecode.swift; path = SessionListRouter.swift; sourceTree = "<group>"; };
		2582D9702A2EC21F00FA87B8 /* SessionListInteractor.swift */ = {isa = PBXFileReference; fileEncoding = 4; lastKnownFileType = sourcecode.swift; path = SessionListInteractor.swift; sourceTree = "<group>"; };
		2582D9792A2EC2CF00FA87B8 /* Session.swift */ = {isa = PBXFileReference; fileEncoding = 4; lastKnownFileType = sourcecode.swift; path = Session.swift; sourceTree = "<group>"; };
		2582D97A2A2EC2CF00FA87B8 /* DataModel.swift */ = {isa = PBXFileReference; fileEncoding = 4; lastKnownFileType = sourcecode.swift; path = DataModel.swift; sourceTree = "<group>"; };
		25BF59182A3A9AF80036E836 /* AcademiApp.swift */ = {isa = PBXFileReference; fileEncoding = 4; lastKnownFileType = sourcecode.swift; path = AcademiApp.swift; sourceTree = "<group>"; };
		43E7DFC5CB80C9C68FA93711 /* Pods-AcademiAppTests.release.xcconfig */ = {isa = PBXFileReference; includeInIndex = 1; lastKnownFileType = text.xcconfig; name = "Pods-AcademiAppTests.release.xcconfig"; path = "Target Support Files/Pods-AcademiAppTests/Pods-AcademiAppTests.release.xcconfig"; sourceTree = "<group>"; };
		449670B63FC535EDBA0D03BD /* Pods-AcademiApp-AcademiAppUITests.debug.xcconfig */ = {isa = PBXFileReference; includeInIndex = 1; lastKnownFileType = text.xcconfig; name = "Pods-AcademiApp-AcademiAppUITests.debug.xcconfig"; path = "Target Support Files/Pods-AcademiApp-AcademiAppUITests/Pods-AcademiApp-AcademiAppUITests.debug.xcconfig"; sourceTree = "<group>"; };
		44B9ACB6C44C2F55E9E31F3C /* Pods_AcademiApp.framework */ = {isa = PBXFileReference; explicitFileType = wrapper.framework; includeInIndex = 0; path = Pods_AcademiApp.framework; sourceTree = BUILT_PRODUCTS_DIR; };
		5B22E680AE149AACAB1BBF6C /* Pods-AcademiApp.release.xcconfig */ = {isa = PBXFileReference; includeInIndex = 1; lastKnownFileType = text.xcconfig; name = "Pods-AcademiApp.release.xcconfig"; path = "Target Support Files/Pods-AcademiApp/Pods-AcademiApp.release.xcconfig"; sourceTree = "<group>"; };
		6A51841B0ED10731796EF239 /* Pods-AcademiApp.debug.xcconfig */ = {isa = PBXFileReference; includeInIndex = 1; lastKnownFileType = text.xcconfig; name = "Pods-AcademiApp.debug.xcconfig"; path = "Target Support Files/Pods-AcademiApp/Pods-AcademiApp.debug.xcconfig"; sourceTree = "<group>"; };
		6C538830AA988268DC8F81AB /* Pods_AcademiApp_AcademiAppUITests.framework */ = {isa = PBXFileReference; explicitFileType = wrapper.framework; includeInIndex = 0; path = Pods_AcademiApp_AcademiAppUITests.framework; sourceTree = BUILT_PRODUCTS_DIR; };
		A093AA4F062054E4EBA264B1 /* Pods-AcademiAppTests.debug.xcconfig */ = {isa = PBXFileReference; includeInIndex = 1; lastKnownFileType = text.xcconfig; name = "Pods-AcademiAppTests.debug.xcconfig"; path = "Target Support Files/Pods-AcademiAppTests/Pods-AcademiAppTests.debug.xcconfig"; sourceTree = "<group>"; };
/* End PBXFileReference section */

/* Begin PBXFrameworksBuildPhase section */
		257D1BFB2A2EA3BD00208342 /* Frameworks */ = {
			isa = PBXFrameworksBuildPhase;
			buildActionMask = 2147483647;
			files = (
				7EDEB3AB33F1FA88C4903C94 /* Pods_AcademiApp.framework in Frameworks */,
			);
			runOnlyForDeploymentPostprocessing = 0;
		};
		257D1C0C2A2EA3BE00208342 /* Frameworks */ = {
			isa = PBXFrameworksBuildPhase;
			buildActionMask = 2147483647;
			files = (
				2726381EAEAD5CF52E80EF5D /* Pods_AcademiAppTests.framework in Frameworks */,
			);
			runOnlyForDeploymentPostprocessing = 0;
		};
		257D1C162A2EA3BE00208342 /* Frameworks */ = {
			isa = PBXFrameworksBuildPhase;
			buildActionMask = 2147483647;
			files = (
				9F4A0493B6459373279EAC72 /* Pods_AcademiApp_AcademiAppUITests.framework in Frameworks */,
			);
			runOnlyForDeploymentPostprocessing = 0;
		};
/* End PBXFrameworksBuildPhase section */

/* Begin PBXGroup section */
		251C6C122A340A4D0042CF77 /* Data Sources */ = {
			isa = PBXGroup;
			children = (
				251C6C132A340A4D0042CF77 /* Persistence.swift */,
			);
			path = "Data Sources";
			sourceTree = "<group>";
		};
		251C6C192A340F9C0042CF77 /* SessionDetail */ = {
			isa = PBXGroup;
			children = (
				251C6C1A2A340F9C0042CF77 /* SessionDetailRouter.swift */,
				251C6C1C2A340F9C0042CF77 /* SessionDetailPresenter.swift */,
				251C6C1D2A340F9C0042CF77 /* SessionDetailInteractor.swift */,
				251C6C1E2A340F9C0042CF77 /* SessionDetailView.swift */,
			);
			path = SessionDetail;
			sourceTree = "<group>";
		};
		256D87CF2A3512B30031FBBD /* Functional Views */ = {
			isa = PBXGroup;
			children = (
				256D87D12A3512B30031FBBD /* SplitImage.swift */,
				256D87D22A3512B30031FBBD /* SessionListCell.swift */,
			);
			path = "Functional Views";
			sourceTree = "<group>";
		};
		257D1BF52A2EA3BD00208342 = {
			isa = PBXGroup;
			children = (
				257D1C002A2EA3BD00208342 /* AcademiApp */,
				257D1C072A2EA3BE00208342 /* AcademiApp.entitlements */,
				257D1C122A2EA3BE00208342 /* AcademiAppTests */,
				257D1C1C2A2EA3BE00208342 /* AcademiAppUITests */,
				257D1C052A2EA3BE00208342 /* Assets.xcassets */,
				256D87CD2A3510BB0031FBBD /* default.json */,
				44E0DA91DF97C810C1FFE43C /* Frameworks */,
				FB88BE728B63E500D5122F1A /* Pods */,
				257D1BFF2A2EA3BD00208342 /* Products */,
			);
			sourceTree = "<group>";
		};
		257D1BFF2A2EA3BD00208342 /* Products */ = {
			isa = PBXGroup;
			children = (
				257D1BFE2A2EA3BD00208342 /* AcademiApp.app */,
				257D1C0F2A2EA3BE00208342 /* AcademiAppTests.xctest */,
				257D1C192A2EA3BE00208342 /* AcademiAppUITests.xctest */,
			);
			name = Products;
			sourceTree = "<group>";
		};
		257D1C002A2EA3BD00208342 /* AcademiApp */ = {
			isa = PBXGroup;
			children = (
				256D87DA2A351D7F0031FBBD /* ContentView.swift */,
				25BF59182A3A9AF80036E836 /* AcademiApp.swift */,
				251C6C122A340A4D0042CF77 /* Data Sources */,
				2582D9772A2EC2B800FA87B8 /* Entities */,
				256D87CF2A3512B30031FBBD /* Functional Views */,
				257D1C082A2EA3BE00208342 /* Preview Content */,
				251C6C192A340F9C0042CF77 /* SessionDetail */,
				2582D96C2A2EC12900FA87B8 /* SessionList */,
			);
			path = AcademiApp;
			sourceTree = "<group>";
		};
		257D1C082A2EA3BE00208342 /* Preview Content */ = {
			isa = PBXGroup;
			children = (
				257D1C092A2EA3BE00208342 /* Preview Assets.xcassets */,
			);
			path = "Preview Content";
			sourceTree = "<group>";
		};
		257D1C122A2EA3BE00208342 /* AcademiAppTests */ = {
			isa = PBXGroup;
			children = (
				257D1C132A2EA3BE00208342 /* AcademiAppTests.swift */,
			);
			path = AcademiAppTests;
			sourceTree = "<group>";
		};
		257D1C1C2A2EA3BE00208342 /* AcademiAppUITests */ = {
			isa = PBXGroup;
			children = (
				257D1C1D2A2EA3BE00208342 /* AcademiAppUITests.swift */,
				257D1C1F2A2EA3BE00208342 /* AcademiAppUITestsLaunchTests.swift */,
			);
			path = AcademiAppUITests;
			sourceTree = "<group>";
		};
		2582D96C2A2EC12900FA87B8 /* SessionList */ = {
			isa = PBXGroup;
			children = (
				2582D9702A2EC21F00FA87B8 /* SessionListInteractor.swift */,
				2582D96E2A2EC21F00FA87B8 /* SessionListPresenter.swift */,
				2582D96F2A2EC21F00FA87B8 /* SessionListRouter.swift */,
				2582D96D2A2EC21F00FA87B8 /* SessionListView.swift */,
			);
			path = SessionList;
			sourceTree = "<group>";
		};
		2582D9772A2EC2B800FA87B8 /* Entities */ = {
			isa = PBXGroup;
			children = (
				2582D97A2A2EC2CF00FA87B8 /* DataModel.swift */,
				251C6C0E2A3404690042CF77 /* Exercise.swift */,
				2582D9792A2EC2CF00FA87B8 /* Session.swift */,
			);
			path = Entities;
			sourceTree = "<group>";
		};
		44E0DA91DF97C810C1FFE43C /* Frameworks */ = {
			isa = PBXGroup;
			children = (
				44B9ACB6C44C2F55E9E31F3C /* Pods_AcademiApp.framework */,
				6C538830AA988268DC8F81AB /* Pods_AcademiApp_AcademiAppUITests.framework */,
				1703FBE4801A01A5DF47DBC6 /* Pods_AcademiAppTests.framework */,
			);
			name = Frameworks;
			sourceTree = "<group>";
		};
		FB88BE728B63E500D5122F1A /* Pods */ = {
			isa = PBXGroup;
			children = (
				6A51841B0ED10731796EF239 /* Pods-AcademiApp.debug.xcconfig */,
				5B22E680AE149AACAB1BBF6C /* Pods-AcademiApp.release.xcconfig */,
				449670B63FC535EDBA0D03BD /* Pods-AcademiApp-AcademiAppUITests.debug.xcconfig */,
				133E94756A7A236EC9C639CA /* Pods-AcademiApp-AcademiAppUITests.release.xcconfig */,
				A093AA4F062054E4EBA264B1 /* Pods-AcademiAppTests.debug.xcconfig */,
				43E7DFC5CB80C9C68FA93711 /* Pods-AcademiAppTests.release.xcconfig */,
			);
			path = Pods;
			sourceTree = "<group>";
		};
/* End PBXGroup section */

/* Begin PBXNativeTarget section */
		257D1BFD2A2EA3BD00208342 /* AcademiApp */ = {
			isa = PBXNativeTarget;
			buildConfigurationList = 257D1C232A2EA3BE00208342 /* Build configuration list for PBXNativeTarget "AcademiApp" */;
			buildPhases = (
				E966881BCC29FBFC3816B497 /* [CP] Check Pods Manifest.lock */,
				257D1BFA2A2EA3BD00208342 /* Sources */,
				257D1BFB2A2EA3BD00208342 /* Frameworks */,
				257D1BFC2A2EA3BD00208342 /* Resources */,
				14DECB14660886D2F354A781 /* [CP] Embed Pods Frameworks */,
			);
			buildRules = (
			);
			dependencies = (
			);
			name = AcademiApp;
			productName = AcademiApp;
			productReference = 257D1BFE2A2EA3BD00208342 /* AcademiApp.app */;
			productType = "com.apple.product-type.application";
		};
		257D1C0E2A2EA3BE00208342 /* AcademiAppTests */ = {
			isa = PBXNativeTarget;
			buildConfigurationList = 257D1C262A2EA3BE00208342 /* Build configuration list for PBXNativeTarget "AcademiAppTests" */;
			buildPhases = (
				837C297AD9B111221C6CA28C /* [CP] Check Pods Manifest.lock */,
				257D1C0B2A2EA3BE00208342 /* Sources */,
				257D1C0C2A2EA3BE00208342 /* Frameworks */,
				257D1C0D2A2EA3BE00208342 /* Resources */,
			);
			buildRules = (
			);
			dependencies = (
				257D1C112A2EA3BE00208342 /* PBXTargetDependency */,
			);
			name = AcademiAppTests;
			productName = AcademiAppTests;
			productReference = 257D1C0F2A2EA3BE00208342 /* AcademiAppTests.xctest */;
			productType = "com.apple.product-type.bundle.unit-test";
		};
		257D1C182A2EA3BE00208342 /* AcademiAppUITests */ = {
			isa = PBXNativeTarget;
			buildConfigurationList = 257D1C292A2EA3BE00208342 /* Build configuration list for PBXNativeTarget "AcademiAppUITests" */;
			buildPhases = (
				F81059D7E243C1D0721A9214 /* [CP] Check Pods Manifest.lock */,
				257D1C152A2EA3BE00208342 /* Sources */,
				257D1C162A2EA3BE00208342 /* Frameworks */,
				257D1C172A2EA3BE00208342 /* Resources */,
				DC200A59E033680606F45DC8 /* [CP] Embed Pods Frameworks */,
			);
			buildRules = (
			);
			dependencies = (
				257D1C1B2A2EA3BE00208342 /* PBXTargetDependency */,
			);
			name = AcademiAppUITests;
			productName = AcademiAppUITests;
			productReference = 257D1C192A2EA3BE00208342 /* AcademiAppUITests.xctest */;
			productType = "com.apple.product-type.bundle.ui-testing";
		};
/* End PBXNativeTarget section */

/* Begin PBXProject section */
		257D1BF62A2EA3BD00208342 /* Project object */ = {
			isa = PBXProject;
			attributes = {
				BuildIndependentTargetsInParallel = 1;
				LastSwiftUpdateCheck = 1430;
				LastUpgradeCheck = 1430;
				TargetAttributes = {
					257D1BFD2A2EA3BD00208342 = {
						CreatedOnToolsVersion = 14.3;
					};
					257D1C0E2A2EA3BE00208342 = {
						CreatedOnToolsVersion = 14.3;
						TestTargetID = 257D1BFD2A2EA3BD00208342;
					};
					257D1C182A2EA3BE00208342 = {
						CreatedOnToolsVersion = 14.3;
						TestTargetID = 257D1BFD2A2EA3BD00208342;
					};
				};
			};
			buildConfigurationList = 257D1BF92A2EA3BD00208342 /* Build configuration list for PBXProject "AcademiApp" */;
			compatibilityVersion = "Xcode 14.0";
			developmentRegion = en;
			hasScannedForEncodings = 0;
			knownRegions = (
				en,
				Base,
			);
			mainGroup = 257D1BF52A2EA3BD00208342;
			productRefGroup = 257D1BFF2A2EA3BD00208342 /* Products */;
			projectDirPath = "";
			projectRoot = "";
			targets = (
				257D1BFD2A2EA3BD00208342 /* AcademiApp */,
				257D1C0E2A2EA3BE00208342 /* AcademiAppTests */,
				257D1C182A2EA3BE00208342 /* AcademiAppUITests */,
			);
		};
/* End PBXProject section */

/* Begin PBXResourcesBuildPhase section */
		257D1BFC2A2EA3BD00208342 /* Resources */ = {
			isa = PBXResourcesBuildPhase;
			buildActionMask = 2147483647;
			files = (
				256D87CE2A3510BB0031FBBD /* default.json in Resources */,
				257D1C0A2A2EA3BE00208342 /* Preview Assets.xcassets in Resources */,
				257D1C062A2EA3BE00208342 /* Assets.xcassets in Resources */,
			);
			runOnlyForDeploymentPostprocessing = 0;
		};
		257D1C0D2A2EA3BE00208342 /* Resources */ = {
			isa = PBXResourcesBuildPhase;
			buildActionMask = 2147483647;
			files = (
			);
			runOnlyForDeploymentPostprocessing = 0;
		};
		257D1C172A2EA3BE00208342 /* Resources */ = {
			isa = PBXResourcesBuildPhase;
			buildActionMask = 2147483647;
			files = (
			);
			runOnlyForDeploymentPostprocessing = 0;
		};
/* End PBXResourcesBuildPhase section */

/* Begin PBXShellScriptBuildPhase section */
		14DECB14660886D2F354A781 /* [CP] Embed Pods Frameworks */ = {
			isa = PBXShellScriptBuildPhase;
			buildActionMask = 2147483647;
			files = (
			);
			inputFileListPaths = (
				"${PODS_ROOT}/Target Support Files/Pods-AcademiApp/Pods-AcademiApp-frameworks-${CONFIGURATION}-input-files.xcfilelist",
			);
			name = "[CP] Embed Pods Frameworks";
			outputFileListPaths = (
				"${PODS_ROOT}/Target Support Files/Pods-AcademiApp/Pods-AcademiApp-frameworks-${CONFIGURATION}-output-files.xcfilelist",
			);
			runOnlyForDeploymentPostprocessing = 0;
			shellPath = /bin/sh;
			shellScript = "\"${PODS_ROOT}/Target Support Files/Pods-AcademiApp/Pods-AcademiApp-frameworks.sh\"\n";
			showEnvVarsInLog = 0;
		};
		837C297AD9B111221C6CA28C /* [CP] Check Pods Manifest.lock */ = {
			isa = PBXShellScriptBuildPhase;
			buildActionMask = 2147483647;
			files = (
			);
			inputFileListPaths = (
			);
			inputPaths = (
				"${PODS_PODFILE_DIR_PATH}/Podfile.lock",
				"${PODS_ROOT}/Manifest.lock",
			);
			name = "[CP] Check Pods Manifest.lock";
			outputFileListPaths = (
			);
			outputPaths = (
				"$(DERIVED_FILE_DIR)/Pods-AcademiAppTests-checkManifestLockResult.txt",
			);
			runOnlyForDeploymentPostprocessing = 0;
			shellPath = /bin/sh;
			shellScript = "diff \"${PODS_PODFILE_DIR_PATH}/Podfile.lock\" \"${PODS_ROOT}/Manifest.lock\" > /dev/null\nif [ $? != 0 ] ; then\n    # print error to STDERR\n    echo \"error: The sandbox is not in sync with the Podfile.lock. Run 'pod install' or update your CocoaPods installation.\" >&2\n    exit 1\nfi\n# This output is used by Xcode 'outputs' to avoid re-running this script phase.\necho \"SUCCESS\" > \"${SCRIPT_OUTPUT_FILE_0}\"\n";
			showEnvVarsInLog = 0;
		};
		DC200A59E033680606F45DC8 /* [CP] Embed Pods Frameworks */ = {
			isa = PBXShellScriptBuildPhase;
			buildActionMask = 2147483647;
			files = (
			);
			inputFileListPaths = (
				"${PODS_ROOT}/Target Support Files/Pods-AcademiApp-AcademiAppUITests/Pods-AcademiApp-AcademiAppUITests-frameworks-${CONFIGURATION}-input-files.xcfilelist",
			);
			name = "[CP] Embed Pods Frameworks";
			outputFileListPaths = (
				"${PODS_ROOT}/Target Support Files/Pods-AcademiApp-AcademiAppUITests/Pods-AcademiApp-AcademiAppUITests-frameworks-${CONFIGURATION}-output-files.xcfilelist",
			);
			runOnlyForDeploymentPostprocessing = 0;
			shellPath = /bin/sh;
			shellScript = "\"${PODS_ROOT}/Target Support Files/Pods-AcademiApp-AcademiAppUITests/Pods-AcademiApp-AcademiAppUITests-frameworks.sh\"\n";
			showEnvVarsInLog = 0;
		};
		E966881BCC29FBFC3816B497 /* [CP] Check Pods Manifest.lock */ = {
			isa = PBXShellScriptBuildPhase;
			buildActionMask = 2147483647;
			files = (
			);
			inputFileListPaths = (
			);
			inputPaths = (
				"${PODS_PODFILE_DIR_PATH}/Podfile.lock",
				"${PODS_ROOT}/Manifest.lock",
			);
			name = "[CP] Check Pods Manifest.lock";
			outputFileListPaths = (
			);
			outputPaths = (
				"$(DERIVED_FILE_DIR)/Pods-AcademiApp-checkManifestLockResult.txt",
			);
			runOnlyForDeploymentPostprocessing = 0;
			shellPath = /bin/sh;
			shellScript = "diff \"${PODS_PODFILE_DIR_PATH}/Podfile.lock\" \"${PODS_ROOT}/Manifest.lock\" > /dev/null\nif [ $? != 0 ] ; then\n    # print error to STDERR\n    echo \"error: The sandbox is not in sync with the Podfile.lock. Run 'pod install' or update your CocoaPods installation.\" >&2\n    exit 1\nfi\n# This output is used by Xcode 'outputs' to avoid re-running this script phase.\necho \"SUCCESS\" > \"${SCRIPT_OUTPUT_FILE_0}\"\n";
			showEnvVarsInLog = 0;
		};
		F81059D7E243C1D0721A9214 /* [CP] Check Pods Manifest.lock */ = {
			isa = PBXShellScriptBuildPhase;
			buildActionMask = 2147483647;
			files = (
			);
			inputFileListPaths = (
			);
			inputPaths = (
				"${PODS_PODFILE_DIR_PATH}/Podfile.lock",
				"${PODS_ROOT}/Manifest.lock",
			);
			name = "[CP] Check Pods Manifest.lock";
			outputFileListPaths = (
			);
			outputPaths = (
				"$(DERIVED_FILE_DIR)/Pods-AcademiApp-AcademiAppUITests-checkManifestLockResult.txt",
			);
			runOnlyForDeploymentPostprocessing = 0;
			shellPath = /bin/sh;
			shellScript = "diff \"${PODS_PODFILE_DIR_PATH}/Podfile.lock\" \"${PODS_ROOT}/Manifest.lock\" > /dev/null\nif [ $? != 0 ] ; then\n    # print error to STDERR\n    echo \"error: The sandbox is not in sync with the Podfile.lock. Run 'pod install' or update your CocoaPods installation.\" >&2\n    exit 1\nfi\n# This output is used by Xcode 'outputs' to avoid re-running this script phase.\necho \"SUCCESS\" > \"${SCRIPT_OUTPUT_FILE_0}\"\n";
			showEnvVarsInLog = 0;
		};
/* End PBXShellScriptBuildPhase section */

/* Begin PBXSourcesBuildPhase section */
		257D1BFA2A2EA3BD00208342 /* Sources */ = {
			isa = PBXSourcesBuildPhase;
			buildActionMask = 2147483647;
			files = (
				251C6C202A340F9C0042CF77 /* SessionDetailRouter.swift in Sources */,
				2582D9732A2EC21F00FA87B8 /* SessionListRouter.swift in Sources */,
				251C6C232A340F9C0042CF77 /* SessionDetailInteractor.swift in Sources */,
				251C6C222A340F9C0042CF77 /* SessionDetailPresenter.swift in Sources */,
				25BF59192A3A9AF80036E836 /* AcademiApp.swift in Sources */,
				2582D9712A2EC21F00FA87B8 /* SessionListView.swift in Sources */,
				2582D9722A2EC21F00FA87B8 /* SessionListPresenter.swift in Sources */,
				2582D97C2A2EC2CF00FA87B8 /* Session.swift in Sources */,
				256D87DB2A351D7F0031FBBD /* ContentView.swift in Sources */,
				256D87D52A3512B30031FBBD /* SessionListCell.swift in Sources */,
				2582D9742A2EC21F00FA87B8 /* SessionListInteractor.swift in Sources */,
				251C6C242A340F9C0042CF77 /* SessionDetailView.swift in Sources */,
				256D87D42A3512B30031FBBD /* SplitImage.swift in Sources */,
				251C6C0F2A3404690042CF77 /* Exercise.swift in Sources */,
				2582D97D2A2EC2CF00FA87B8 /* DataModel.swift in Sources */,
				251C6C162A340A4D0042CF77 /* Persistence.swift in Sources */,
			);
			runOnlyForDeploymentPostprocessing = 0;
		};
		257D1C0B2A2EA3BE00208342 /* Sources */ = {
			isa = PBXSourcesBuildPhase;
			buildActionMask = 2147483647;
			files = (
				257D1C142A2EA3BE00208342 /* AcademiAppTests.swift in Sources */,
			);
			runOnlyForDeploymentPostprocessing = 0;
		};
		257D1C152A2EA3BE00208342 /* Sources */ = {
			isa = PBXSourcesBuildPhase;
			buildActionMask = 2147483647;
			files = (
				257D1C1E2A2EA3BE00208342 /* AcademiAppUITests.swift in Sources */,
				257D1C202A2EA3BE00208342 /* AcademiAppUITestsLaunchTests.swift in Sources */,
			);
			runOnlyForDeploymentPostprocessing = 0;
		};
/* End PBXSourcesBuildPhase section */

/* Begin PBXTargetDependency section */
		257D1C112A2EA3BE00208342 /* PBXTargetDependency */ = {
			isa = PBXTargetDependency;
			target = 257D1BFD2A2EA3BD00208342 /* AcademiApp */;
			targetProxy = 257D1C102A2EA3BE00208342 /* PBXContainerItemProxy */;
		};
		257D1C1B2A2EA3BE00208342 /* PBXTargetDependency */ = {
			isa = PBXTargetDependency;
			target = 257D1BFD2A2EA3BD00208342 /* AcademiApp */;
			targetProxy = 257D1C1A2A2EA3BE00208342 /* PBXContainerItemProxy */;
		};
/* End PBXTargetDependency section */

/* Begin XCBuildConfiguration section */
		257D1C212A2EA3BE00208342 /* Debug */ = {
			isa = XCBuildConfiguration;
			buildSettings = {
				ALWAYS_SEARCH_USER_PATHS = NO;
				CLANG_ANALYZER_NONNULL = YES;
				CLANG_ANALYZER_NUMBER_OBJECT_CONVERSION = YES_AGGRESSIVE;
				CLANG_CXX_LANGUAGE_STANDARD = "gnu++20";
				CLANG_ENABLE_MODULES = YES;
				CLANG_ENABLE_OBJC_ARC = YES;
				CLANG_ENABLE_OBJC_WEAK = YES;
				CLANG_WARN_BLOCK_CAPTURE_AUTORELEASING = YES;
				CLANG_WARN_BOOL_CONVERSION = YES;
				CLANG_WARN_COMMA = YES;
				CLANG_WARN_CONSTANT_CONVERSION = YES;
				CLANG_WARN_DEPRECATED_OBJC_IMPLEMENTATIONS = YES;
				CLANG_WARN_DIRECT_OBJC_ISA_USAGE = YES_ERROR;
				CLANG_WARN_DOCUMENTATION_COMMENTS = YES;
				CLANG_WARN_EMPTY_BODY = YES;
				CLANG_WARN_ENUM_CONVERSION = YES;
				CLANG_WARN_INFINITE_RECURSION = YES;
				CLANG_WARN_INT_CONVERSION = YES;
				CLANG_WARN_NON_LITERAL_NULL_CONVERSION = YES;
				CLANG_WARN_OBJC_IMPLICIT_RETAIN_SELF = YES;
				CLANG_WARN_OBJC_LITERAL_CONVERSION = YES;
				CLANG_WARN_OBJC_ROOT_CLASS = YES_ERROR;
				CLANG_WARN_QUOTED_INCLUDE_IN_FRAMEWORK_HEADER = YES;
				CLANG_WARN_RANGE_LOOP_ANALYSIS = YES;
				CLANG_WARN_STRICT_PROTOTYPES = YES;
				CLANG_WARN_SUSPICIOUS_MOVE = YES;
				CLANG_WARN_UNGUARDED_AVAILABILITY = YES_AGGRESSIVE;
				CLANG_WARN_UNREACHABLE_CODE = YES;
				CLANG_WARN__DUPLICATE_METHOD_MATCH = YES;
				COPY_PHASE_STRIP = NO;
				DEBUG_INFORMATION_FORMAT = dwarf;
				ENABLE_STRICT_OBJC_MSGSEND = YES;
				ENABLE_TESTABILITY = YES;
				GCC_C_LANGUAGE_STANDARD = gnu11;
				GCC_DYNAMIC_NO_PIC = NO;
				GCC_NO_COMMON_BLOCKS = YES;
				GCC_OPTIMIZATION_LEVEL = 0;
				GCC_PREPROCESSOR_DEFINITIONS = (
					"DEBUG=1",
					"$(inherited)",
				);
				GCC_WARN_64_TO_32_BIT_CONVERSION = YES;
				GCC_WARN_ABOUT_RETURN_TYPE = YES_ERROR;
				GCC_WARN_UNDECLARED_SELECTOR = YES;
				GCC_WARN_UNINITIALIZED_AUTOS = YES_AGGRESSIVE;
				GCC_WARN_UNUSED_FUNCTION = YES;
				GCC_WARN_UNUSED_VARIABLE = YES;
				MTL_ENABLE_DEBUG_INFO = INCLUDE_SOURCE;
				MTL_FAST_MATH = YES;
				ONLY_ACTIVE_ARCH = YES;
				SWIFT_ACTIVE_COMPILATION_CONDITIONS = DEBUG;
				SWIFT_OPTIMIZATION_LEVEL = "-Onone";
			};
			name = Debug;
		};
		257D1C222A2EA3BE00208342 /* Release */ = {
			isa = XCBuildConfiguration;
			buildSettings = {
				ALWAYS_SEARCH_USER_PATHS = NO;
				CLANG_ANALYZER_NONNULL = YES;
				CLANG_ANALYZER_NUMBER_OBJECT_CONVERSION = YES_AGGRESSIVE;
				CLANG_CXX_LANGUAGE_STANDARD = "gnu++20";
				CLANG_ENABLE_MODULES = YES;
				CLANG_ENABLE_OBJC_ARC = YES;
				CLANG_ENABLE_OBJC_WEAK = YES;
				CLANG_WARN_BLOCK_CAPTURE_AUTORELEASING = YES;
				CLANG_WARN_BOOL_CONVERSION = YES;
				CLANG_WARN_COMMA = YES;
				CLANG_WARN_CONSTANT_CONVERSION = YES;
				CLANG_WARN_DEPRECATED_OBJC_IMPLEMENTATIONS = YES;
				CLANG_WARN_DIRECT_OBJC_ISA_USAGE = YES_ERROR;
				CLANG_WARN_DOCUMENTATION_COMMENTS = YES;
				CLANG_WARN_EMPTY_BODY = YES;
				CLANG_WARN_ENUM_CONVERSION = YES;
				CLANG_WARN_INFINITE_RECURSION = YES;
				CLANG_WARN_INT_CONVERSION = YES;
				CLANG_WARN_NON_LITERAL_NULL_CONVERSION = YES;
				CLANG_WARN_OBJC_IMPLICIT_RETAIN_SELF = YES;
				CLANG_WARN_OBJC_LITERAL_CONVERSION = YES;
				CLANG_WARN_OBJC_ROOT_CLASS = YES_ERROR;
				CLANG_WARN_QUOTED_INCLUDE_IN_FRAMEWORK_HEADER = YES;
				CLANG_WARN_RANGE_LOOP_ANALYSIS = YES;
				CLANG_WARN_STRICT_PROTOTYPES = YES;
				CLANG_WARN_SUSPICIOUS_MOVE = YES;
				CLANG_WARN_UNGUARDED_AVAILABILITY = YES_AGGRESSIVE;
				CLANG_WARN_UNREACHABLE_CODE = YES;
				CLANG_WARN__DUPLICATE_METHOD_MATCH = YES;
				COPY_PHASE_STRIP = NO;
				DEBUG_INFORMATION_FORMAT = "dwarf-with-dsym";
				ENABLE_NS_ASSERTIONS = NO;
				ENABLE_STRICT_OBJC_MSGSEND = YES;
				GCC_C_LANGUAGE_STANDARD = gnu11;
				GCC_NO_COMMON_BLOCKS = YES;
				GCC_WARN_64_TO_32_BIT_CONVERSION = YES;
				GCC_WARN_ABOUT_RETURN_TYPE = YES_ERROR;
				GCC_WARN_UNDECLARED_SELECTOR = YES;
				GCC_WARN_UNINITIALIZED_AUTOS = YES_AGGRESSIVE;
				GCC_WARN_UNUSED_FUNCTION = YES;
				GCC_WARN_UNUSED_VARIABLE = YES;
				MTL_ENABLE_DEBUG_INFO = NO;
				MTL_FAST_MATH = YES;
				SWIFT_COMPILATION_MODE = wholemodule;
				SWIFT_OPTIMIZATION_LEVEL = "-O";
			};
			name = Release;
		};
		257D1C242A2EA3BE00208342 /* Debug */ = {
			isa = XCBuildConfiguration;
			baseConfigurationReference = 6A51841B0ED10731796EF239 /* Pods-AcademiApp.debug.xcconfig */;
			buildSettings = {
				ASSETCATALOG_COMPILER_APPICON_NAME = AppIcon;
				ASSETCATALOG_COMPILER_GLOBAL_ACCENT_COLOR_NAME = AccentColor;
				CODE_SIGN_ENTITLEMENTS = AcademiApp.entitlements;
				CODE_SIGN_STYLE = Automatic;
				CURRENT_PROJECT_VERSION = 1;
				DEVELOPMENT_ASSET_PATHS = "\"AcademiApp/Preview Content\"";
				DEVELOPMENT_TEAM = 28CU5YV2B9;
				ENABLE_HARDENED_RUNTIME = YES;
				ENABLE_PREVIEWS = YES;
				GENERATE_INFOPLIST_FILE = YES;
				INFOPLIST_KEY_UIApplicationSceneManifest_Generation = NO;
				"INFOPLIST_KEY_UIApplicationSceneManifest_Generation[sdk=iphoneos*]" = YES;
				"INFOPLIST_KEY_UIApplicationSceneManifest_Generation[sdk=iphonesimulator*]" = YES;
				"INFOPLIST_KEY_UIApplicationSupportsIndirectInputEvents[sdk=iphoneos*]" = YES;
				"INFOPLIST_KEY_UIApplicationSupportsIndirectInputEvents[sdk=iphonesimulator*]" = YES;
				"INFOPLIST_KEY_UILaunchScreen_Generation[sdk=iphoneos*]" = YES;
				"INFOPLIST_KEY_UILaunchScreen_Generation[sdk=iphonesimulator*]" = YES;
				"INFOPLIST_KEY_UIStatusBarStyle[sdk=iphoneos*]" = UIStatusBarStyleDefault;
				"INFOPLIST_KEY_UIStatusBarStyle[sdk=iphonesimulator*]" = UIStatusBarStyleDefault;
				INFOPLIST_KEY_UISupportedInterfaceOrientations_iPad = "UIInterfaceOrientationPortrait UIInterfaceOrientationPortraitUpsideDown UIInterfaceOrientationLandscapeLeft UIInterfaceOrientationLandscapeRight";
				INFOPLIST_KEY_UISupportedInterfaceOrientations_iPhone = "UIInterfaceOrientationPortrait UIInterfaceOrientationLandscapeLeft UIInterfaceOrientationLandscapeRight";
				IPHONEOS_DEPLOYMENT_TARGET = 16.4;
				LD_RUNPATH_SEARCH_PATHS = "@executable_path/Frameworks";
				"LD_RUNPATH_SEARCH_PATHS[sdk=macosx*]" = "@executable_path/../Frameworks";
				MACOSX_DEPLOYMENT_TARGET = 13.3;
				MARKETING_VERSION = 1.0;
				PRODUCT_BUNDLE_IDENTIFIER = com.hamiltonsantos.AcademiApp;
				PRODUCT_NAME = "$(TARGET_NAME)";
				SDKROOT = auto;
				SUPPORTED_PLATFORMS = "iphoneos iphonesimulator";
				SUPPORTS_MACCATALYST = NO;
				SUPPORTS_MAC_DESIGNED_FOR_IPHONE_IPAD = NO;
				SWIFT_EMIT_LOC_STRINGS = YES;
				SWIFT_VERSION = 5.0;
				TARGETED_DEVICE_FAMILY = "1,2";
			};
			name = Debug;
		};
		257D1C252A2EA3BE00208342 /* Release */ = {
			isa = XCBuildConfiguration;
			baseConfigurationReference = 5B22E680AE149AACAB1BBF6C /* Pods-AcademiApp.release.xcconfig */;
			buildSettings = {
				ASSETCATALOG_COMPILER_APPICON_NAME = AppIcon;
				ASSETCATALOG_COMPILER_GLOBAL_ACCENT_COLOR_NAME = AccentColor;
				CODE_SIGN_ENTITLEMENTS = AcademiApp.entitlements;
				CODE_SIGN_STYLE = Automatic;
				CURRENT_PROJECT_VERSION = 1;
				DEVELOPMENT_ASSET_PATHS = "\"AcademiApp/Preview Content\"";
				DEVELOPMENT_TEAM = 28CU5YV2B9;
				ENABLE_HARDENED_RUNTIME = YES;
				ENABLE_PREVIEWS = YES;
				GENERATE_INFOPLIST_FILE = YES;
				INFOPLIST_KEY_UIApplicationSceneManifest_Generation = NO;
				"INFOPLIST_KEY_UIApplicationSceneManifest_Generation[sdk=iphonesimulator*]" = YES;
				"INFOPLIST_KEY_UIApplicationSupportsIndirectInputEvents[sdk=iphoneos*]" = YES;
				"INFOPLIST_KEY_UIApplicationSupportsIndirectInputEvents[sdk=iphonesimulator*]" = YES;
				"INFOPLIST_KEY_UILaunchScreen_Generation[sdk=iphoneos*]" = YES;
				"INFOPLIST_KEY_UILaunchScreen_Generation[sdk=iphonesimulator*]" = YES;
				"INFOPLIST_KEY_UIStatusBarStyle[sdk=iphoneos*]" = UIStatusBarStyleDefault;
				"INFOPLIST_KEY_UIStatusBarStyle[sdk=iphonesimulator*]" = UIStatusBarStyleDefault;
				INFOPLIST_KEY_UISupportedInterfaceOrientations_iPad = "UIInterfaceOrientationPortrait UIInterfaceOrientationPortraitUpsideDown UIInterfaceOrientationLandscapeLeft UIInterfaceOrientationLandscapeRight";
				INFOPLIST_KEY_UISupportedInterfaceOrientations_iPhone = "UIInterfaceOrientationPortrait UIInterfaceOrientationLandscapeLeft UIInterfaceOrientationLandscapeRight";
				IPHONEOS_DEPLOYMENT_TARGET = 16.4;
				LD_RUNPATH_SEARCH_PATHS = "@executable_path/Frameworks";
				"LD_RUNPATH_SEARCH_PATHS[sdk=macosx*]" = "@executable_path/../Frameworks";
				MACOSX_DEPLOYMENT_TARGET = 13.3;
				MARKETING_VERSION = 1.0;
				PRODUCT_BUNDLE_IDENTIFIER = com.hamiltonsantos.AcademiApp;
				PRODUCT_NAME = "$(TARGET_NAME)";
				SDKROOT = auto;
				SUPPORTED_PLATFORMS = "iphoneos iphonesimulator";
				SUPPORTS_MACCATALYST = NO;
				SUPPORTS_MAC_DESIGNED_FOR_IPHONE_IPAD = NO;
				SWIFT_EMIT_LOC_STRINGS = YES;
				SWIFT_VERSION = 5.0;
				TARGETED_DEVICE_FAMILY = "1,2";
			};
			name = Release;
		};
		257D1C272A2EA3BE00208342 /* Debug */ = {
			isa = XCBuildConfiguration;
			baseConfigurationReference = A093AA4F062054E4EBA264B1 /* Pods-AcademiAppTests.debug.xcconfig */;
			buildSettings = {
				ALWAYS_EMBED_SWIFT_STANDARD_LIBRARIES = YES;
				BUNDLE_LOADER = "$(TEST_HOST)";
				CODE_SIGN_STYLE = Automatic;
				CURRENT_PROJECT_VERSION = 1;
				DEVELOPMENT_TEAM = 28CU5YV2B9;
				GENERATE_INFOPLIST_FILE = YES;
				IPHONEOS_DEPLOYMENT_TARGET = 16.4;
				MACOSX_DEPLOYMENT_TARGET = 13.3;
				MARKETING_VERSION = 1.0;
				PRODUCT_BUNDLE_IDENTIFIER = com.hamiltonsantos.AcademiAppTests;
				PRODUCT_NAME = "$(TARGET_NAME)";
				SDKROOT = auto;
				SUPPORTED_PLATFORMS = "iphoneos iphonesimulator macosx";
				SWIFT_EMIT_LOC_STRINGS = NO;
				SWIFT_VERSION = 5.0;
				TARGETED_DEVICE_FAMILY = "1,2";
				TEST_HOST = "$(BUILT_PRODUCTS_DIR)/AcademiApp.app/$(BUNDLE_EXECUTABLE_FOLDER_PATH)/AcademiApp";
			};
			name = Debug;
		};
		257D1C282A2EA3BE00208342 /* Release */ = {
			isa = XCBuildConfiguration;
			baseConfigurationReference = 43E7DFC5CB80C9C68FA93711 /* Pods-AcademiAppTests.release.xcconfig */;
			buildSettings = {
				ALWAYS_EMBED_SWIFT_STANDARD_LIBRARIES = YES;
				BUNDLE_LOADER = "$(TEST_HOST)";
				CODE_SIGN_STYLE = Automatic;
				CURRENT_PROJECT_VERSION = 1;
				DEVELOPMENT_TEAM = 28CU5YV2B9;
				GENERATE_INFOPLIST_FILE = YES;
				IPHONEOS_DEPLOYMENT_TARGET = 16.4;
				MACOSX_DEPLOYMENT_TARGET = 13.3;
				MARKETING_VERSION = 1.0;
				PRODUCT_BUNDLE_IDENTIFIER = com.hamiltonsantos.AcademiAppTests;
				PRODUCT_NAME = "$(TARGET_NAME)";
				SDKROOT = auto;
				SUPPORTED_PLATFORMS = "iphoneos iphonesimulator macosx";
				SWIFT_EMIT_LOC_STRINGS = NO;
				SWIFT_VERSION = 5.0;
				TARGETED_DEVICE_FAMILY = "1,2";
				TEST_HOST = "$(BUILT_PRODUCTS_DIR)/AcademiApp.app/$(BUNDLE_EXECUTABLE_FOLDER_PATH)/AcademiApp";
			};
			name = Release;
		};
		257D1C2A2A2EA3BE00208342 /* Debug */ = {
			isa = XCBuildConfiguration;
			baseConfigurationReference = 449670B63FC535EDBA0D03BD /* Pods-AcademiApp-AcademiAppUITests.debug.xcconfig */;
			buildSettings = {
				ALWAYS_EMBED_SWIFT_STANDARD_LIBRARIES = YES;
				CODE_SIGN_STYLE = Automatic;
				CURRENT_PROJECT_VERSION = 1;
				DEVELOPMENT_TEAM = 28CU5YV2B9;
				GENERATE_INFOPLIST_FILE = YES;
				IPHONEOS_DEPLOYMENT_TARGET = 16.4;
				MACOSX_DEPLOYMENT_TARGET = 13.3;
				MARKETING_VERSION = 1.0;
				PRODUCT_BUNDLE_IDENTIFIER = com.hamiltonsantos.AcademiAppUITests;
				PRODUCT_NAME = "$(TARGET_NAME)";
				SDKROOT = auto;
				SUPPORTED_PLATFORMS = "iphoneos iphonesimulator macosx";
				SWIFT_EMIT_LOC_STRINGS = NO;
				SWIFT_VERSION = 5.0;
				TARGETED_DEVICE_FAMILY = "1,2";
				TEST_TARGET_NAME = AcademiApp;
			};
			name = Debug;
		};
		257D1C2B2A2EA3BE00208342 /* Release */ = {
			isa = XCBuildConfiguration;
			baseConfigurationReference = 133E94756A7A236EC9C639CA /* Pods-AcademiApp-AcademiAppUITests.release.xcconfig */;
			buildSettings = {
				ALWAYS_EMBED_SWIFT_STANDARD_LIBRARIES = YES;
				CODE_SIGN_STYLE = Automatic;
				CURRENT_PROJECT_VERSION = 1;
				DEVELOPMENT_TEAM = 28CU5YV2B9;
				GENERATE_INFOPLIST_FILE = YES;
				IPHONEOS_DEPLOYMENT_TARGET = 16.4;
				MACOSX_DEPLOYMENT_TARGET = 13.3;
				MARKETING_VERSION = 1.0;
				PRODUCT_BUNDLE_IDENTIFIER = com.hamiltonsantos.AcademiAppUITests;
				PRODUCT_NAME = "$(TARGET_NAME)";
				SDKROOT = auto;
				SUPPORTED_PLATFORMS = "iphoneos iphonesimulator macosx";
				SWIFT_EMIT_LOC_STRINGS = NO;
				SWIFT_VERSION = 5.0;
				TARGETED_DEVICE_FAMILY = "1,2";
				TEST_TARGET_NAME = AcademiApp;
			};
			name = Release;
		};
/* End XCBuildConfiguration section */

/* Begin XCConfigurationList section */
		257D1BF92A2EA3BD00208342 /* Build configuration list for PBXProject "AcademiApp" */ = {
			isa = XCConfigurationList;
			buildConfigurations = (
				257D1C212A2EA3BE00208342 /* Debug */,
				257D1C222A2EA3BE00208342 /* Release */,
			);
			defaultConfigurationIsVisible = 0;
			defaultConfigurationName = Release;
		};
		257D1C232A2EA3BE00208342 /* Build configuration list for PBXNativeTarget "AcademiApp" */ = {
			isa = XCConfigurationList;
			buildConfigurations = (
				257D1C242A2EA3BE00208342 /* Debug */,
				257D1C252A2EA3BE00208342 /* Release */,
			);
			defaultConfigurationIsVisible = 0;
			defaultConfigurationName = Release;
		};
		257D1C262A2EA3BE00208342 /* Build configuration list for PBXNativeTarget "AcademiAppTests" */ = {
			isa = XCConfigurationList;
			buildConfigurations = (
				257D1C272A2EA3BE00208342 /* Debug */,
				257D1C282A2EA3BE00208342 /* Release */,
			);
			defaultConfigurationIsVisible = 0;
			defaultConfigurationName = Release;
		};
		257D1C292A2EA3BE00208342 /* Build configuration list for PBXNativeTarget "AcademiAppUITests" */ = {
			isa = XCConfigurationList;
			buildConfigurations = (
				257D1C2A2A2EA3BE00208342 /* Debug */,
				257D1C2B2A2EA3BE00208342 /* Release */,
			);
			defaultConfigurationIsVisible = 0;
			defaultConfigurationName = Release;
		};
/* End XCConfigurationList section */
	};
	rootObject = 257D1BF62A2EA3BD00208342 /* Project object */;
}
